{
  "name": "2026BibleReading",
  "lockfileVersion": 3,
  "requires": true,
  "packages": {
    "": {
      "devDependencies": {
        "sherpa-onnx": "^1.12.24"
      }
    },
    "node_modules/sherpa-onnx": {
      "version": "1.12.24",
      "resolved": "https://registry.npmjs.org/sherpa-onnx/-/sherpa-onnx-1.12.24.tgz",
      "integrity": "sha512-jXCQ0xz15/pxChSs1HgW/wY8QrxsVlEQ7X4wWeu4+oZJMVOX3hCn/t1aK8VR9CDiylGeQwQ8JwXnr7nO2orOow==",
      "dev": true,
      "license": "Apache-2.0"
    }
  }
}
